// !$*UTF8*$!
{
	archiveVersion = 1;
	classes = {
	};
	objectVersion = 48;
	objects = {

/* Begin PBXBuildFile section */
		D143A901202C6BE70047CFB2 /* WordNotificationsManager.swift in Sources */ = {isa = PBXBuildFile; fileRef = D143A900202C6BE70047CFB2 /* WordNotificationsManager.swift */; };
		D14B15AA203DAA2B0068E8EB /* WordNotificationType.swift in Sources */ = {isa = PBXBuildFile; fileRef = D14B15A9203DAA2B0068E8EB /* WordNotificationType.swift */; };
		D14B15AB203DABBB0068E8EB /* WordNotificationType.swift in Sources */ = {isa = PBXBuildFile; fileRef = D14B15A9203DAA2B0068E8EB /* WordNotificationType.swift */; };
		D17869412002381C0026E25B /* AppDelegate.swift in Sources */ = {isa = PBXBuildFile; fileRef = D17869402002381C0026E25B /* AppDelegate.swift */; };
		D17869432002381C0026E25B /* DictionaryViewController.swift in Sources */ = {isa = PBXBuildFile; fileRef = D17869422002381C0026E25B /* DictionaryViewController.swift */; };
		D17869462002381C0026E25B /* Main.storyboard in Resources */ = {isa = PBXBuildFile; fileRef = D17869442002381C0026E25B /* Main.storyboard */; };
		D178694B2002381C0026E25B /* Assets.xcassets in Resources */ = {isa = PBXBuildFile; fileRef = D178694A2002381C0026E25B /* Assets.xcassets */; };
		D178694E2002381D0026E25B /* LaunchScreen.storyboard in Resources */ = {isa = PBXBuildFile; fileRef = D178694C2002381D0026E25B /* LaunchScreen.storyboard */; };
		D178695F20024BD70026E25B /* Extensions.swift in Sources */ = {isa = PBXBuildFile; fileRef = D178695E20024BD70026E25B /* Extensions.swift */; };
		D1837F5E20345E3600B39958 /* WordNotificationsManager.swift in Sources */ = {isa = PBXBuildFile; fileRef = D143A900202C6BE70047CFB2 /* WordNotificationsManager.swift */; };
		D19853792045413800D80705 /* NotificationViewController.swift in Sources */ = {isa = PBXBuildFile; fileRef = D1D75FFB2033465000FD68AD /* NotificationViewController.swift */; };
		D198537C2045450E00D80705 /* QuizViewController.swift in Sources */ = {isa = PBXBuildFile; fileRef = D198537A2045450D00D80705 /* QuizViewController.swift */; };
		D198537D2045450E00D80705 /* QuizViewController.xib in Resources */ = {isa = PBXBuildFile; fileRef = D198537B2045450D00D80705 /* QuizViewController.xib */; };
		D198BA112003C465009954BC /* DictionaryOfWords.swift in Sources */ = {isa = PBXBuildFile; fileRef = D198BA102003C465009954BC /* DictionaryOfWords.swift */; };
		D198BA132004BFB1009954BC /* AddWordViewDirection.swift in Sources */ = {isa = PBXBuildFile; fileRef = D198BA122004BFB0009954BC /* AddWordViewDirection.swift */; };
		D198BA15200510EA009954BC /* CustomTextField.swift in Sources */ = {isa = PBXBuildFile; fileRef = D198BA14200510EA009954BC /* CustomTextField.swift */; };
		D1AFB8F5200DEFFA002207E1 /* WordTableViewCell.swift in Sources */ = {isa = PBXBuildFile; fileRef = D1AFB8F4200DEFFA002207E1 /* WordTableViewCell.swift */; };
		D1D75FF72033465000FD68AD /* UserNotifications.framework in Frameworks */ = {isa = PBXBuildFile; fileRef = D1D75FF62033465000FD68AD /* UserNotifications.framework */; };
		D1D75FF92033465000FD68AD /* UserNotificationsUI.framework in Frameworks */ = {isa = PBXBuildFile; fileRef = D1D75FF82033465000FD68AD /* UserNotificationsUI.framework */; };
		D1D75FFC2033465000FD68AD /* NotificationViewController.swift in Sources */ = {isa = PBXBuildFile; fileRef = D1D75FFB2033465000FD68AD /* NotificationViewController.swift */; };
		D1D75FFF2033465000FD68AD /* MainInterface.storyboard in Resources */ = {isa = PBXBuildFile; fileRef = D1D75FFD2033465000FD68AD /* MainInterface.storyboard */; };
		D1D760032033465000FD68AD /* WordNotificationViewController.appex in Embed App Extensions */ = {isa = PBXBuildFile; fileRef = D1D75FF42033465000FD68AD /* WordNotificationViewController.appex */; settings = {ATTRIBUTES = (RemoveHeadersOnCopy, ); }; };
		D1E5EBBA203C41060012C3D2 /* DataManager.swift in Sources */ = {isa = PBXBuildFile; fileRef = D1E5EBB9203C41060012C3D2 /* DataManager.swift */; };
		D1E5EBBC203C42460012C3D2 /* Word.swift in Sources */ = {isa = PBXBuildFile; fileRef = D1E5EBBB203C42460012C3D2 /* Word.swift */; };
		D1E5EBBD203C42CE0012C3D2 /* Word.swift in Sources */ = {isa = PBXBuildFile; fileRef = D1E5EBBB203C42460012C3D2 /* Word.swift */; };
		D1E5EBBE203C42DC0012C3D2 /* DataManager.swift in Sources */ = {isa = PBXBuildFile; fileRef = D1E5EBB9203C41060012C3D2 /* DataManager.swift */; };
/* End PBXBuildFile section */

/* Begin PBXContainerItemProxy section */
		D1D760012033465000FD68AD /* PBXContainerItemProxy */ = {
			isa = PBXContainerItemProxy;
			containerPortal = D17869352002381C0026E25B /* Project object */;
			proxyType = 1;
			remoteGlobalIDString = D1D75FF32033465000FD68AD;
			remoteInfo = WordNotificationViewController;
		};
/* End PBXContainerItemProxy section */

/* Begin PBXCopyFilesBuildPhase section */
		D1D760072033465000FD68AD /* Embed App Extensions */ = {
			isa = PBXCopyFilesBuildPhase;
			buildActionMask = 2147483647;
			dstPath = "";
			dstSubfolderSpec = 13;
			files = (
				D1D760032033465000FD68AD /* WordNotificationViewController.appex in Embed App Extensions */,
			);
			name = "Embed App Extensions";
			runOnlyForDeploymentPostprocessing = 0;
		};
/* End PBXCopyFilesBuildPhase section */

/* Begin PBXFileReference section */
		D143A900202C6BE70047CFB2 /* WordNotificationsManager.swift */ = {isa = PBXFileReference; lastKnownFileType = sourcecode.swift; path = WordNotificationsManager.swift; sourceTree = "<group>"; };
		D14B15A9203DAA2B0068E8EB /* WordNotificationType.swift */ = {isa = PBXFileReference; lastKnownFileType = sourcecode.swift; path = WordNotificationType.swift; sourceTree = "<group>"; };
		D178693D2002381C0026E25B /* HebrewDictionary.app */ = {isa = PBXFileReference; explicitFileType = wrapper.application; includeInIndex = 0; path = HebrewDictionary.app; sourceTree = BUILT_PRODUCTS_DIR; };
		D17869402002381C0026E25B /* AppDelegate.swift */ = {isa = PBXFileReference; lastKnownFileType = sourcecode.swift; path = AppDelegate.swift; sourceTree = "<group>"; };
		D17869422002381C0026E25B /* DictionaryViewController.swift */ = {isa = PBXFileReference; lastKnownFileType = sourcecode.swift; path = DictionaryViewController.swift; sourceTree = "<group>"; };
		D17869452002381C0026E25B /* Base */ = {isa = PBXFileReference; lastKnownFileType = file.storyboard; name = Base; path = Base.lproj/Main.storyboard; sourceTree = "<group>"; };
		D178694A2002381C0026E25B /* Assets.xcassets */ = {isa = PBXFileReference; lastKnownFileType = folder.assetcatalog; path = Assets.xcassets; sourceTree = "<group>"; };
		D178694D2002381D0026E25B /* Base */ = {isa = PBXFileReference; lastKnownFileType = file.storyboard; name = Base; path = Base.lproj/LaunchScreen.storyboard; sourceTree = "<group>"; };
		D178694F2002381D0026E25B /* Info.plist */ = {isa = PBXFileReference; lastKnownFileType = text.plist.xml; path = Info.plist; sourceTree = "<group>"; };
		D178695E20024BD70026E25B /* Extensions.swift */ = {isa = PBXFileReference; lastKnownFileType = sourcecode.swift; path = Extensions.swift; sourceTree = "<group>"; };
		D1837F5C20345D7100B39958 /* HebrewDictionary.entitlements */ = {isa = PBXFileReference; lastKnownFileType = text.plist.entitlements; path = HebrewDictionary.entitlements; sourceTree = "<group>"; };
		D1837F5D20345D8E00B39958 /* WordNotificationViewController.entitlements */ = {isa = PBXFileReference; lastKnownFileType = text.plist.entitlements; path = WordNotificationViewController.entitlements; sourceTree = "<group>"; };
		D198537A2045450D00D80705 /* QuizViewController.swift */ = {isa = PBXFileReference; lastKnownFileType = sourcecode.swift; path = QuizViewController.swift; sourceTree = "<group>"; };
		D198537B2045450D00D80705 /* QuizViewController.xib */ = {isa = PBXFileReference; lastKnownFileType = file.xib; path = QuizViewController.xib; sourceTree = "<group>"; };
		D198BA102003C465009954BC /* DictionaryOfWords.swift */ = {isa = PBXFileReference; lastKnownFileType = sourcecode.swift; path = DictionaryOfWords.swift; sourceTree = "<group>"; };
		D198BA122004BFB0009954BC /* AddWordViewDirection.swift */ = {isa = PBXFileReference; lastKnownFileType = sourcecode.swift; path = AddWordViewDirection.swift; sourceTree = "<group>"; };
		D198BA14200510EA009954BC /* CustomTextField.swift */ = {isa = PBXFileReference; lastKnownFileType = sourcecode.swift; path = CustomTextField.swift; sourceTree = "<group>"; };
		D1AFB8F4200DEFFA002207E1 /* WordTableViewCell.swift */ = {isa = PBXFileReference; lastKnownFileType = sourcecode.swift; path = WordTableViewCell.swift; sourceTree = "<group>"; };
		D1D75FF42033465000FD68AD /* WordNotificationViewController.appex */ = {isa = PBXFileReference; explicitFileType = "wrapper.app-extension"; includeInIndex = 0; path = WordNotificationViewController.appex; sourceTree = BUILT_PRODUCTS_DIR; };
		D1D75FF62033465000FD68AD /* UserNotifications.framework */ = {isa = PBXFileReference; lastKnownFileType = wrapper.framework; name = UserNotifications.framework; path = System/Library/Frameworks/UserNotifications.framework; sourceTree = SDKROOT; };
		D1D75FF82033465000FD68AD /* UserNotificationsUI.framework */ = {isa = PBXFileReference; lastKnownFileType = wrapper.framework; name = UserNotificationsUI.framework; path = System/Library/Frameworks/UserNotificationsUI.framework; sourceTree = SDKROOT; };
		D1D75FFB2033465000FD68AD /* NotificationViewController.swift */ = {isa = PBXFileReference; lastKnownFileType = sourcecode.swift; path = NotificationViewController.swift; sourceTree = "<group>"; };
		D1D75FFE2033465000FD68AD /* Base */ = {isa = PBXFileReference; lastKnownFileType = file.storyboard; name = Base; path = Base.lproj/MainInterface.storyboard; sourceTree = "<group>"; };
		D1D760002033465000FD68AD /* Info.plist */ = {isa = PBXFileReference; lastKnownFileType = text.plist.xml; path = Info.plist; sourceTree = "<group>"; };
		D1E5EBB9203C41060012C3D2 /* DataManager.swift */ = {isa = PBXFileReference; lastKnownFileType = sourcecode.swift; path = DataManager.swift; sourceTree = "<group>"; };
		D1E5EBBB203C42460012C3D2 /* Word.swift */ = {isa = PBXFileReference; lastKnownFileType = sourcecode.swift; path = Word.swift; sourceTree = "<group>"; };
/* End PBXFileReference section */

/* Begin PBXFrameworksBuildPhase section */
		D178693A2002381C0026E25B /* Frameworks */ = {
			isa = PBXFrameworksBuildPhase;
			buildActionMask = 2147483647;
			files = (
			);
			runOnlyForDeploymentPostprocessing = 0;
		};
		D1D75FF12033465000FD68AD /* Frameworks */ = {
			isa = PBXFrameworksBuildPhase;
			buildActionMask = 2147483647;
			files = (
				D1D75FF92033465000FD68AD /* UserNotificationsUI.framework in Frameworks */,
				D1D75FF72033465000FD68AD /* UserNotifications.framework in Frameworks */,
			);
			runOnlyForDeploymentPostprocessing = 0;
		};
/* End PBXFrameworksBuildPhase section */

/* Begin PBXGroup section */
		D17869342002381C0026E25B = {
			isa = PBXGroup;
			children = (
				D178693F2002381C0026E25B /* HebrewDictionary */,
				D1D75FFA2033465000FD68AD /* WordNotificationViewController */,
				D1D75FF52033465000FD68AD /* Frameworks */,
				D178693E2002381C0026E25B /* Products */,
			);
			sourceTree = "<group>";
		};
		D178693E2002381C0026E25B /* Products */ = {
			isa = PBXGroup;
			children = (
				D178693D2002381C0026E25B /* HebrewDictionary.app */,
				D1D75FF42033465000FD68AD /* WordNotificationViewController.appex */,
			);
			name = Products;
			sourceTree = "<group>";
		};
		D178693F2002381C0026E25B /* HebrewDictionary */ = {
			isa = PBXGroup;
			children = (
				D1837F5C20345D7100B39958 /* HebrewDictionary.entitlements */,
				D17869402002381C0026E25B /* AppDelegate.swift */,
				D178695D200240450026E25B /* Views */,
				D1AFB8F3200DEF8C002207E1 /* ViewControllers */,
				D178695820023F1E0026E25B /* Models */,
				D178695520023A850026E25B /* Services */,
				D178694A2002381C0026E25B /* Assets.xcassets */,
				D178694F2002381D0026E25B /* Info.plist */,
				D178694C2002381D0026E25B /* LaunchScreen.storyboard */,
			);
			path = HebrewDictionary;
			sourceTree = "<group>";
		};
		D178695520023A850026E25B /* Services */ = {
			isa = PBXGroup;
			children = (
				D143A900202C6BE70047CFB2 /* WordNotificationsManager.swift */,
			);
			path = Services;
			sourceTree = "<group>";
		};
		D178695820023F1E0026E25B /* Models */ = {
			isa = PBXGroup;
			children = (
				D1E5EBB9203C41060012C3D2 /* DataManager.swift */,
				D1E5EBBB203C42460012C3D2 /* Word.swift */,
				D198BA102003C465009954BC /* DictionaryOfWords.swift */,
				D198BA122004BFB0009954BC /* AddWordViewDirection.swift */,
				D14B15A9203DAA2B0068E8EB /* WordNotificationType.swift */,
				D178695E20024BD70026E25B /* Extensions.swift */,
			);
			path = Models;
			sourceTree = "<group>";
		};
		D178695D200240450026E25B /* Views */ = {
			isa = PBXGroup;
			children = (
				D17869442002381C0026E25B /* Main.storyboard */,
				D198BA14200510EA009954BC /* CustomTextField.swift */,
				D1AFB8F4200DEFFA002207E1 /* WordTableViewCell.swift */,
				D198537B2045450D00D80705 /* QuizViewController.xib */,
			);
			path = Views;
			sourceTree = "<group>";
		};
		D1AFB8F3200DEF8C002207E1 /* ViewControllers */ = {
			isa = PBXGroup;
			children = (
				D198537A2045450D00D80705 /* QuizViewController.swift */,
				D17869422002381C0026E25B /* DictionaryViewController.swift */,
			);
			path = ViewControllers;
			sourceTree = "<group>";
		};
		D1D75FF52033465000FD68AD /* Frameworks */ = {
			isa = PBXGroup;
			children = (
				D1D75FF62033465000FD68AD /* UserNotifications.framework */,
				D1D75FF82033465000FD68AD /* UserNotificationsUI.framework */,
			);
			name = Frameworks;
			sourceTree = "<group>";
		};
		D1D75FFA2033465000FD68AD /* WordNotificationViewController */ = {
			isa = PBXGroup;
			children = (
				D1837F5D20345D8E00B39958 /* WordNotificationViewController.entitlements */,
				D1D75FFB2033465000FD68AD /* NotificationViewController.swift */,
				D1D75FFD2033465000FD68AD /* MainInterface.storyboard */,
				D1D760002033465000FD68AD /* Info.plist */,
			);
			path = WordNotificationViewController;
			sourceTree = "<group>";
		};
/* End PBXGroup section */

/* Begin PBXNativeTarget section */
		D178693C2002381C0026E25B /* HebrewDictionary */ = {
			isa = PBXNativeTarget;
			buildConfigurationList = D17869522002381D0026E25B /* Build configuration list for PBXNativeTarget "HebrewDictionary" */;
			buildPhases = (
				D17869392002381C0026E25B /* Sources */,
				D178693A2002381C0026E25B /* Frameworks */,
				D178693B2002381C0026E25B /* Resources */,
				D1D760072033465000FD68AD /* Embed App Extensions */,
			);
			buildRules = (
			);
			dependencies = (
				D1D760022033465000FD68AD /* PBXTargetDependency */,
			);
			name = HebrewDictionary;
			productName = HebrewDictionary;
			productReference = D178693D2002381C0026E25B /* HebrewDictionary.app */;
			productType = "com.apple.product-type.application";
		};
		D1D75FF32033465000FD68AD /* WordNotificationViewController */ = {
			isa = PBXNativeTarget;
			buildConfigurationList = D1D760062033465000FD68AD /* Build configuration list for PBXNativeTarget "WordNotificationViewController" */;
			buildPhases = (
				D1D75FF02033465000FD68AD /* Sources */,
				D1D75FF12033465000FD68AD /* Frameworks */,
				D1D75FF22033465000FD68AD /* Resources */,
			);
			buildRules = (
			);
			dependencies = (
			);
			name = WordNotificationViewController;
			productName = WordNotificationViewController;
			productReference = D1D75FF42033465000FD68AD /* WordNotificationViewController.appex */;
			productType = "com.apple.product-type.app-extension";
		};
/* End PBXNativeTarget section */

/* Begin PBXProject section */
		D17869352002381C0026E25B /* Project object */ = {
			isa = PBXProject;
			attributes = {
				LastSwiftUpdateCheck = 0920;
				LastUpgradeCheck = 0920;
				ORGANIZATIONNAME = "Laura Evans";
				TargetAttributes = {
					D178693C2002381C0026E25B = {
						CreatedOnToolsVersion = 9.2;
						ProvisioningStyle = Automatic;
						SystemCapabilities = {
							com.apple.ApplicationGroups.iOS = {
								enabled = 1;
							};
						};
					};
					D1D75FF32033465000FD68AD = {
						CreatedOnToolsVersion = 9.2;
						ProvisioningStyle = Automatic;
						SystemCapabilities = {
							com.apple.ApplicationGroups.iOS = {
								enabled = 1;
							};
						};
					};
				};
			};
			buildConfigurationList = D17869382002381C0026E25B /* Build configuration list for PBXProject "HebrewDictionary" */;
			compatibilityVersion = "Xcode 8.0";
			developmentRegion = en;
			hasScannedForEncodings = 0;
			knownRegions = (
				en,
				Base,
			);
			mainGroup = D17869342002381C0026E25B;
			productRefGroup = D178693E2002381C0026E25B /* Products */;
			projectDirPath = "";
			projectRoot = "";
			targets = (
				D178693C2002381C0026E25B /* HebrewDictionary */,
				D1D75FF32033465000FD68AD /* WordNotificationViewController */,
			);
		};
/* End PBXProject section */

/* Begin PBXResourcesBuildPhase section */
		D178693B2002381C0026E25B /* Resources */ = {
			isa = PBXResourcesBuildPhase;
			buildActionMask = 2147483647;
			files = (
				D178694E2002381D0026E25B /* LaunchScreen.storyboard in Resources */,
				D178694B2002381C0026E25B /* Assets.xcassets in Resources */,
				D17869462002381C0026E25B /* Main.storyboard in Resources */,
				D198537D2045450E00D80705 /* QuizViewController.xib in Resources */,
			);
			runOnlyForDeploymentPostprocessing = 0;
		};
		D1D75FF22033465000FD68AD /* Resources */ = {
			isa = PBXResourcesBuildPhase;
			buildActionMask = 2147483647;
			files = (
				D1D75FFF2033465000FD68AD /* MainInterface.storyboard in Resources */,
			);
			runOnlyForDeploymentPostprocessing = 0;
		};
/* End PBXResourcesBuildPhase section */

/* Begin PBXSourcesBuildPhase section */
		D17869392002381C0026E25B /* Sources */ = {
			isa = PBXSourcesBuildPhase;
			buildActionMask = 2147483647;
			files = (
				D1AFB8F5200DEFFA002207E1 /* WordTableViewCell.swift in Sources */,
				D17869432002381C0026E25B /* DictionaryViewController.swift in Sources */,
				D19853792045413800D80705 /* NotificationViewController.swift in Sources */,
				D198BA112003C465009954BC /* DictionaryOfWords.swift in Sources */,
				D143A901202C6BE70047CFB2 /* WordNotificationsManager.swift in Sources */,
				D198BA15200510EA009954BC /* CustomTextField.swift in Sources */,
				D1E5EBBC203C42460012C3D2 /* Word.swift in Sources */,
				D17869412002381C0026E25B /* AppDelegate.swift in Sources */,
				D198537C2045450E00D80705 /* QuizViewController.swift in Sources */,
				D198BA132004BFB1009954BC /* AddWordViewDirection.swift in Sources */,
				D14B15AA203DAA2B0068E8EB /* WordNotificationType.swift in Sources */,
				D1E5EBBA203C41060012C3D2 /* DataManager.swift in Sources */,
				D178695F20024BD70026E25B /* Extensions.swift in Sources */,
			);
			runOnlyForDeploymentPostprocessing = 0;
		};
		D1D75FF02033465000FD68AD /* Sources */ = {
			isa = PBXSourcesBuildPhase;
			buildActionMask = 2147483647;
			files = (
				D1837F5E20345E3600B39958 /* WordNotificationsManager.swift in Sources */,
				D1E5EBBE203C42DC0012C3D2 /* DataManager.swift in Sources */,
				D1E5EBBD203C42CE0012C3D2 /* Word.swift in Sources */,
				D14B15AB203DABBB0068E8EB /* WordNotificationType.swift in Sources */,
				D1D75FFC2033465000FD68AD /* NotificationViewController.swift in Sources */,
			);
			runOnlyForDeploymentPostprocessing = 0;
		};
/* End PBXSourcesBuildPhase section */

/* Begin PBXTargetDependency section */
		D1D760022033465000FD68AD /* PBXTargetDependency */ = {
			isa = PBXTargetDependency;
			target = D1D75FF32033465000FD68AD /* WordNotificationViewController */;
			targetProxy = D1D760012033465000FD68AD /* PBXContainerItemProxy */;
		};
/* End PBXTargetDependency section */

/* Begin PBXVariantGroup section */
		D17869442002381C0026E25B /* Main.storyboard */ = {
			isa = PBXVariantGroup;
			children = (
				D17869452002381C0026E25B /* Base */,
			);
			name = Main.storyboard;
			sourceTree = "<group>";
		};
		D178694C2002381D0026E25B /* LaunchScreen.storyboard */ = {
			isa = PBXVariantGroup;
			children = (
				D178694D2002381D0026E25B /* Base */,
			);
			name = LaunchScreen.storyboard;
			sourceTree = "<group>";
		};
		D1D75FFD2033465000FD68AD /* MainInterface.storyboard */ = {
			isa = PBXVariantGroup;
			children = (
				D1D75FFE2033465000FD68AD /* Base */,
			);
			name = MainInterface.storyboard;
			sourceTree = "<group>";
		};
/* End PBXVariantGroup section */

/* Begin XCBuildConfiguration section */
		D17869502002381D0026E25B /* Debug */ = {
			isa = XCBuildConfiguration;
			buildSettings = {
				ALWAYS_SEARCH_USER_PATHS = NO;
				CLANG_ANALYZER_NONNULL = YES;
				CLANG_ANALYZER_NUMBER_OBJECT_CONVERSION = YES_AGGRESSIVE;
				CLANG_CXX_LANGUAGE_STANDARD = "gnu++14";
				CLANG_CXX_LIBRARY = "libc++";
				CLANG_ENABLE_MODULES = YES;
				CLANG_ENABLE_OBJC_ARC = YES;
				CLANG_WARN_BLOCK_CAPTURE_AUTORELEASING = YES;
				CLANG_WARN_BOOL_CONVERSION = YES;
				CLANG_WARN_COMMA = YES;
				CLANG_WARN_CONSTANT_CONVERSION = YES;
				CLANG_WARN_DIRECT_OBJC_ISA_USAGE = YES_ERROR;
				CLANG_WARN_DOCUMENTATION_COMMENTS = YES;
				CLANG_WARN_EMPTY_BODY = YES;
				CLANG_WARN_ENUM_CONVERSION = YES;
				CLANG_WARN_INFINITE_RECURSION = YES;
				CLANG_WARN_INT_CONVERSION = YES;
				CLANG_WARN_NON_LITERAL_NULL_CONVERSION = YES;
				CLANG_WARN_OBJC_LITERAL_CONVERSION = YES;
				CLANG_WARN_OBJC_ROOT_CLASS = YES_ERROR;
				CLANG_WARN_RANGE_LOOP_ANALYSIS = YES;
				CLANG_WARN_STRICT_PROTOTYPES = YES;
				CLANG_WARN_SUSPICIOUS_MOVE = YES;
				CLANG_WARN_UNGUARDED_AVAILABILITY = YES_AGGRESSIVE;
				CLANG_WARN_UNREACHABLE_CODE = YES;
				CLANG_WARN__DUPLICATE_METHOD_MATCH = YES;
				CODE_SIGN_IDENTITY = "iPhone Developer";
				COPY_PHASE_STRIP = NO;
				DEBUG_INFORMATION_FORMAT = dwarf;
				ENABLE_STRICT_OBJC_MSGSEND = YES;
				ENABLE_TESTABILITY = YES;
				GCC_C_LANGUAGE_STANDARD = gnu11;
				GCC_DYNAMIC_NO_PIC = NO;
				GCC_NO_COMMON_BLOCKS = YES;
				GCC_OPTIMIZATION_LEVEL = 0;
				GCC_PREPROCESSOR_DEFINITIONS = (
					"DEBUG=1",
					"$(inherited)",
				);
				GCC_WARN_64_TO_32_BIT_CONVERSION = YES;
				GCC_WARN_ABOUT_RETURN_TYPE = YES_ERROR;
				GCC_WARN_UNDECLARED_SELECTOR = YES;
				GCC_WARN_UNINITIALIZED_AUTOS = YES_AGGRESSIVE;
				GCC_WARN_UNUSED_FUNCTION = YES;
				GCC_WARN_UNUSED_VARIABLE = YES;
				IPHONEOS_DEPLOYMENT_TARGET = 11.2;
				MTL_ENABLE_DEBUG_INFO = YES;
				ONLY_ACTIVE_ARCH = YES;
				SDKROOT = iphoneos;
				SWIFT_ACTIVE_COMPILATION_CONDITIONS = DEBUG;
				SWIFT_OPTIMIZATION_LEVEL = "-Onone";
			};
			name = Debug;
		};
		D17869512002381D0026E25B /* Release */ = {
			isa = XCBuildConfiguration;
			buildSettings = {
				ALWAYS_SEARCH_USER_PATHS = NO;
				CLANG_ANALYZER_NONNULL = YES;
				CLANG_ANALYZER_NUMBER_OBJECT_CONVERSION = YES_AGGRESSIVE;
				CLANG_CXX_LANGUAGE_STANDARD = "gnu++14";
				CLANG_CXX_LIBRARY = "libc++";
				CLANG_ENABLE_MODULES = YES;
				CLANG_ENABLE_OBJC_ARC = YES;
				CLANG_WARN_BLOCK_CAPTURE_AUTORELEASING = YES;
				CLANG_WARN_BOOL_CONVERSION = YES;
				CLANG_WARN_COMMA = YES;
				CLANG_WARN_CONSTANT_CONVERSION = YES;
				CLANG_WARN_DIRECT_OBJC_ISA_USAGE = YES_ERROR;
				CLANG_WARN_DOCUMENTATION_COMMENTS = YES;
				CLANG_WARN_EMPTY_BODY = YES;
				CLANG_WARN_ENUM_CONVERSION = YES;
				CLANG_WARN_INFINITE_RECURSION = YES;
				CLANG_WARN_INT_CONVERSION = YES;
				CLANG_WARN_NON_LITERAL_NULL_CONVERSION = YES;
				CLANG_WARN_OBJC_LITERAL_CONVERSION = YES;
				CLANG_WARN_OBJC_ROOT_CLASS = YES_ERROR;
				CLANG_WARN_RANGE_LOOP_ANALYSIS = YES;
				CLANG_WARN_STRICT_PROTOTYPES = YES;
				CLANG_WARN_SUSPICIOUS_MOVE = YES;
				CLANG_WARN_UNGUARDED_AVAILABILITY = YES_AGGRESSIVE;
				CLANG_WARN_UNREACHABLE_CODE = YES;
				CLANG_WARN__DUPLICATE_METHOD_MATCH = YES;
				CODE_SIGN_IDENTITY = "iPhone Developer";
				COPY_PHASE_STRIP = NO;
				DEBUG_INFORMATION_FORMAT = "dwarf-with-dsym";
				ENABLE_NS_ASSERTIONS = NO;
				ENABLE_STRICT_OBJC_MSGSEND = YES;
				GCC_C_LANGUAGE_STANDARD = gnu11;
				GCC_NO_COMMON_BLOCKS = YES;
				GCC_WARN_64_TO_32_BIT_CONVERSION = YES;
				GCC_WARN_ABOUT_RETURN_TYPE = YES_ERROR;
				GCC_WARN_UNDECLARED_SELECTOR = YES;
				GCC_WARN_UNINITIALIZED_AUTOS = YES_AGGRESSIVE;
				GCC_WARN_UNUSED_FUNCTION = YES;
				GCC_WARN_UNUSED_VARIABLE = YES;
				IPHONEOS_DEPLOYMENT_TARGET = 11.2;
				MTL_ENABLE_DEBUG_INFO = NO;
				SDKROOT = iphoneos;
				SWIFT_OPTIMIZATION_LEVEL = "-Owholemodule";
				VALIDATE_PRODUCT = YES;
			};
			name = Release;
		};
		D17869532002381D0026E25B /* Debug */ = {
			isa = XCBuildConfiguration;
			buildSettings = {
				ALWAYS_EMBED_SWIFT_STANDARD_LIBRARIES = YES;
				ASSETCATALOG_COMPILER_APPICON_NAME = AppIcon;
				CODE_SIGN_ENTITLEMENTS = HebrewDictionary/HebrewDictionary.entitlements;
				CODE_SIGN_STYLE = Automatic;
				DEVELOPMENT_TEAM = 859LK3T2WH;
				INFOPLIST_FILE = HebrewDictionary/Info.plist;
				LD_RUNPATH_SEARCH_PATHS = "$(inherited) @executable_path/Frameworks";
				PRODUCT_BUNDLE_IDENTIFIER = com.lauraevans.HebrewDictionary;
				PRODUCT_NAME = "$(TARGET_NAME)";
				SWIFT_VERSION = 4.0;
				TARGETED_DEVICE_FAMILY = "1,2";
			};
			name = Debug;
		};
		D17869542002381D0026E25B /* Release */ = {
			isa = XCBuildConfiguration;
			buildSettings = {
				ALWAYS_EMBED_SWIFT_STANDARD_LIBRARIES = YES;
				ASSETCATALOG_COMPILER_APPICON_NAME = AppIcon;
				CODE_SIGN_ENTITLEMENTS = HebrewDictionary/HebrewDictionary.entitlements;
				CODE_SIGN_STYLE = Automatic;
				DEVELOPMENT_TEAM = 859LK3T2WH;
				INFOPLIST_FILE = HebrewDictionary/Info.plist;
				LD_RUNPATH_SEARCH_PATHS = "$(inherited) @executable_path/Frameworks";
				PRODUCT_BUNDLE_IDENTIFIER = com.lauraevans.HebrewDictionary;
				PRODUCT_NAME = "$(TARGET_NAME)";
				SWIFT_VERSION = 4.0;
				TARGETED_DEVICE_FAMILY = "1,2";
			};
			name = Release;
		};
		D1D760042033465000FD68AD /* Debug */ = {
			isa = XCBuildConfiguration;
			buildSettings = {
				CODE_SIGN_ENTITLEMENTS = WordNotificationViewController/WordNotificationViewController.entitlements;
				CODE_SIGN_STYLE = Automatic;
				DEVELOPMENT_TEAM = 859LK3T2WH;
				INFOPLIST_FILE = WordNotificationViewController/Info.plist;
				LD_RUNPATH_SEARCH_PATHS = "$(inherited) @executable_path/Frameworks @executable_path/../../Frameworks";
				PRODUCT_BUNDLE_IDENTIFIER = com.lauraevans.HebrewDictionary.WordNotificationViewController;
				PRODUCT_NAME = "$(TARGET_NAME)";
				SKIP_INSTALL = YES;
				SWIFT_VERSION = 4.0;
				TARGETED_DEVICE_FAMILY = "1,2";
			};
			name = Debug;
		};
		D1D760052033465000FD68AD /* Release */ = {
			isa = XCBuildConfiguration;
			buildSettings = {
				CODE_SIGN_ENTITLEMENTS = WordNotificationViewController/WordNotificationViewController.entitlements;
				CODE_SIGN_STYLE = Automatic;
				DEVELOPMENT_TEAM = 859LK3T2WH;
				INFOPLIST_FILE = WordNotificationViewController/Info.plist;
				LD_RUNPATH_SEARCH_PATHS = "$(inherited) @executable_path/Frameworks @executable_path/../../Frameworks";
				PRODUCT_BUNDLE_IDENTIFIER = com.lauraevans.HebrewDictionary.WordNotificationViewController;
				PRODUCT_NAME = "$(TARGET_NAME)";
				SKIP_INSTALL = YES;
				SWIFT_VERSION = 4.0;
				TARGETED_DEVICE_FAMILY = "1,2";
			};
			name = Release;
		};
/* End XCBuildConfiguration section */

/* Begin XCConfigurationList section */
		D17869382002381C0026E25B /* Build configuration list for PBXProject "HebrewDictionary" */ = {
			isa = XCConfigurationList;
			buildConfigurations = (
				D17869502002381D0026E25B /* Debug */,
				D17869512002381D0026E25B /* Release */,
			);
			defaultConfigurationIsVisible = 0;
			defaultConfigurationName = Release;
		};
		D17869522002381D0026E25B /* Build configuration list for PBXNativeTarget "HebrewDictionary" */ = {
			isa = XCConfigurationList;
			buildConfigurations = (
				D17869532002381D0026E25B /* Debug */,
				D17869542002381D0026E25B /* Release */,
			);
			defaultConfigurationIsVisible = 0;
			defaultConfigurationName = Release;
		};
		D1D760062033465000FD68AD /* Build configuration list for PBXNativeTarget "WordNotificationViewController" */ = {
			isa = XCConfigurationList;
			buildConfigurations = (
				D1D760042033465000FD68AD /* Debug */,
				D1D760052033465000FD68AD /* Release */,
			);
			defaultConfigurationIsVisible = 0;
			defaultConfigurationName = Release;
		};
/* End XCConfigurationList section */
	};
	rootObject = D17869352002381C0026E25B /* Project object */;
}
